
Microsoft Visual Studio Solution File, Format Version 12.00
# Visual Studio Version 17
VisualStudioVersion = 17.4.33213.308
MinimumVisualStudioVersion = 10.0.40219.1
Project("{9A19103F-16F7-4668-BE54-9A1E7A4F7556}") = "Exercise 1", "Exercise 1\Exercise 1.csproj", "{504B5007-B10D-45AC-854D-BB292466E538}"
EndProject
Project("{9A19103F-16F7-4668-BE54-9A1E7A4F7556}") = "Exercise 2", "Exercise 2\Exercise 2.csproj", "{7979A45C-E5B7-4472-A505-5CB54126D834}"
EndProject
Project("{9A19103F-16F7-4668-BE54-9A1E7A4F7556}") = "Exercise 3", "Exercise 3\Exercise 3.csproj", "{BFD0DCC9-99DF-46EB-8693-449ADF2A774B}"
EndProject
Project("{9A19103F-16F7-4668-BE54-9A1E7A4F7556}") = "Exercise 4", "Exercise 4\Exercise 4.csproj", "{5927568D-3792-4ADA-A467-CEE17BF0687E}"
EndProject
Project("{9A19103F-16F7-4668-BE54-9A1E7A4F7556}") = "Exercise 5", "Exercise 5\Exercise 5.csproj", "{E94AA9E3-9611-408B-992C-B5566D34D1E1}"
EndProject
Project("{FAE04EC0-301F-11D3-BF4B-00C04F79EFBC}") = "Exercise 6", "Exercise 6\Exercise 6.csproj", "{E4A53259-4E7D-41C5-81F9-578BF27FBD81}"
EndProject
Project("{FAE04EC0-301F-11D3-BF4B-00C04F79EFBC}") = "Exercise 7", "Exercise 7\Exercise 7.csproj", "{2526F634-C520-4C92-90C7-44BD0EF9F11D}"
EndProject
Project("{FAE04EC0-301F-11D3-BF4B-00C04F79EFBC}") = "Exercise 8", "Exercise 8\Exercise 8.csproj", "{49B75A9D-0289-4DF9-9165-0A8B4F41A43F}"
EndProject
Project("{FAE04EC0-301F-11D3-BF4B-00C04F79EFBC}") = "Exercise 9", "Exercise 9\Exercise 9.csproj", "{08A7D292-BAA5-4160-BA43-E251C5C6B05E}"
EndProject
Project("{FAE04EC0-301F-11D3-BF4B-00C04F79EFBC}") = "Exercise 10", "Exercise 10\Exercise 10.csproj", "{93AAECF0-5C1A-4D44-873C-016351D23B47}"
EndProject
Project("{FAE04EC0-301F-11D3-BF4B-00C04F79EFBC}") = "Exercise 11", "Exercise 11\Exercise 11.csproj", "{E9CDB417-984B-420A-AEEE-B411C8D05576}"
EndProject
Project("{FAE04EC0-301F-11D3-BF4B-00C04F79EFBC}") = "Exercise 12", "Exercise 12\Exercise 12.csproj", "{99AA2970-9C18-4BB7-B413-3B7F722CE3FA}"
EndProject
Global
	GlobalSection(SolutionConfigurationPlatforms) = preSolution
		Debug|Any CPU = Debug|Any CPU
		Release|Any CPU = Release|Any CPU
	EndGlobalSection
	GlobalSection(ProjectConfigurationPlatforms) = postSolution
		{504B5007-B10D-45AC-854D-BB292466E538}.Debug|Any CPU.ActiveCfg = Debug|Any CPU
		{504B5007-B10D-45AC-854D-BB292466E538}.Debug|Any CPU.Build.0 = Debug|Any CPU
		{504B5007-B10D-45AC-854D-BB292466E538}.Release|Any CPU.ActiveCfg = Release|Any CPU
		{504B5007-B10D-45AC-854D-BB292466E538}.Release|Any CPU.Build.0 = Release|Any CPU
		{7979A45C-E5B7-4472-A505-5CB54126D834}.Debug|Any CPU.ActiveCfg = Debug|Any CPU
		{7979A45C-E5B7-4472-A505-5CB54126D834}.Debug|Any CPU.Build.0 = Debug|Any CPU
		{7979A45C-E5B7-4472-A505-5CB54126D834}.Release|Any CPU.ActiveCfg = Release|Any CPU
		{7979A45C-E5B7-4472-A505-5CB54126D834}.Release|Any CPU.Build.0 = Release|Any CPU
		{BFD0DCC9-99DF-46EB-8693-449ADF2A774B}.Debug|Any CPU.ActiveCfg = Debug|Any CPU
		{BFD0DCC9-99DF-46EB-8693-449ADF2A774B}.Debug|Any CPU.Build.0 = Debug|Any CPU
		{BFD0DCC9-99DF-46EB-8693-449ADF2A774B}.Release|Any CPU.ActiveCfg = Release|Any CPU
		{BFD0DCC9-99DF-46EB-8693-449ADF2A774B}.Release|Any CPU.Build.0 = Release|Any CPU
		{5927568D-3792-4ADA-A467-CEE17BF0687E}.Debug|Any CPU.ActiveCfg = Debug|Any CPU
		{5927568D-3792-4ADA-A467-CEE17BF0687E}.Debug|Any CPU.Build.0 = Debug|Any CPU
		{5927568D-3792-4ADA-A467-CEE17BF0687E}.Release|Any CPU.ActiveCfg = Release|Any CPU
		{5927568D-3792-4ADA-A467-CEE17BF0687E}.Release|Any CPU.Build.0 = Release|Any CPU
		{E94AA9E3-9611-408B-992C-B5566D34D1E1}.Debug|Any CPU.ActiveCfg = Debug|Any CPU
		{E94AA9E3-9611-408B-992C-B5566D34D1E1}.Debug|Any CPU.Build.0 = Debug|Any CPU
		{E94AA9E3-9611-408B-992C-B5566D34D1E1}.Release|Any CPU.ActiveCfg = Release|Any CPU
		{E94AA9E3-9611-408B-992C-B5566D34D1E1}.Release|Any CPU.Build.0 = Release|Any CPU
		{E4A53259-4E7D-41C5-81F9-578BF27FBD81}.Debug|Any CPU.ActiveCfg = Debug|Any CPU
		{E4A53259-4E7D-41C5-81F9-578BF27FBD81}.Debug|Any CPU.Build.0 = Debug|Any CPU
		{E4A53259-4E7D-41C5-81F9-578BF27FBD81}.Release|Any CPU.ActiveCfg = Release|Any CPU
		{E4A53259-4E7D-41C5-81F9-578BF27FBD81}.Release|Any CPU.Build.0 = Release|Any CPU
		{2526F634-C520-4C92-90C7-44BD0EF9F11D}.Debug|Any CPU.ActiveCfg = Debug|Any CPU
		{2526F634-C520-4C92-90C7-44BD0EF9F11D}.Debug|Any CPU.Build.0 = Debug|Any CPU
		{2526F634-C520-4C92-90C7-44BD0EF9F11D}.Release|Any CPU.ActiveCfg = Release|Any CPU
		{2526F634-C520-4C92-90C7-44BD0EF9F11D}.Release|Any CPU.Build.0 = Release|Any CPU
		{49B75A9D-0289-4DF9-9165-0A8B4F41A43F}.Debug|Any CPU.ActiveCfg = Debug|Any CPU
		{49B75A9D-0289-4DF9-9165-0A8B4F41A43F}.Debug|Any CPU.Build.0 = Debug|Any CPU
		{49B75A9D-0289-4DF9-9165-0A8B4F41A43F}.Release|Any CPU.ActiveCfg = Release|Any CPU
		{49B75A9D-0289-4DF9-9165-0A8B4F41A43F}.Release|Any CPU.Build.0 = Release|Any CPU
		{08A7D292-BAA5-4160-BA43-E251C5C6B05E}.Debug|Any CPU.ActiveCfg = Debug|Any CPU
		{08A7D292-BAA5-4160-BA43-E251C5C6B05E}.Debug|Any CPU.Build.0 = Debug|Any CPU
		{08A7D292-BAA5-4160-BA43-E251C5C6B05E}.Release|Any CPU.ActiveCfg = Release|Any CPU
		{08A7D292-BAA5-4160-BA43-E251C5C6B05E}.Release|Any CPU.Build.0 = Release|Any CPU
		{93AAECF0-5C1A-4D44-873C-016351D23B47}.Debug|Any CPU.ActiveCfg = Debug|Any CPU
		{93AAECF0-5C1A-4D44-873C-016351D23B47}.Debug|Any CPU.Build.0 = Debug|Any CPU
		{93AAECF0-5C1A-4D44-873C-016351D23B47}.Release|Any CPU.ActiveCfg = Release|Any CPU
		{93AAECF0-5C1A-4D44-873C-016351D23B47}.Release|Any CPU.Build.0 = Release|Any CPU
		{E9CDB417-984B-420A-AEEE-B411C8D05576}.Debug|Any CPU.ActiveCfg = Debug|Any CPU
		{E9CDB417-984B-420A-AEEE-B411C8D05576}.Debug|Any CPU.Build.0 = Debug|Any CPU
		{E9CDB417-984B-420A-AEEE-B411C8D05576}.Release|Any CPU.ActiveCfg = Release|Any CPU
		{E9CDB417-984B-420A-AEEE-B411C8D05576}.Release|Any CPU.Build.0 = Release|Any CPU
		{99AA2970-9C18-4BB7-B413-3B7F722CE3FA}.Debug|Any CPU.ActiveCfg = Debug|Any CPU
		{99AA2970-9C18-4BB7-B413-3B7F722CE3FA}.Debug|Any CPU.Build.0 = Debug|Any CPU
		{99AA2970-9C18-4BB7-B413-3B7F722CE3FA}.Release|Any CPU.ActiveCfg = Release|Any CPU
		{99AA2970-9C18-4BB7-B413-3B7F722CE3FA}.Release|Any CPU.Build.0 = Release|Any CPU
	EndGlobalSection
	GlobalSection(SolutionProperties) = preSolution
		HideSolutionNode = FALSE
	EndGlobalSection
	GlobalSection(ExtensibilityGlobals) = postSolution
		SolutionGuid = {8CDDBBFF-EBED-4F2F-9DB4-033B589E1D30}
	EndGlobalSection
EndGlobal
